
Microsoft Visual Studio Solution File, Format Version 12.00
# Visual Studio Version 16
VisualStudioVersion = 16.0.29709.97
MinimumVisualStudioVersion = 10.0.40219.1
Project("{FAE04EC0-301F-11D3-BF4B-00C04F79EFBC}") = "RegistroDetalle", "RegistroDetalle.csproj", "{F81DB341-4C82-44A5-9E46-D5E60DF4DF8E}"
EndProject
Global
	GlobalSection(SolutionConfigurationPlatforms) = preSolution
		Debug|Any CPU = Debug|Any CPU
		Release|Any CPU = Release|Any CPU
	EndGlobalSection
	GlobalSection(ProjectConfigurationPlatforms) = postSolution
		{F81DB341-4C82-44A5-9E46-D5E60DF4DF8E}.Debug|Any CPU.ActiveCfg = Debug|Any CPU
		{F81DB341-4C82-44A5-9E46-D5E60DF4DF8E}.Debug|Any CPU.Build.0 = Debug|Any CPU
		{F81DB341-4C82-44A5-9E46-D5E60DF4DF8E}.Release|Any CPU.ActiveCfg = Release|Any CPU
		{F81DB341-4C82-44A5-9E46-D5E60DF4DF8E}.Release|Any CPU.Build.0 = Release|Any CPU
	EndGlobalSection
	GlobalSection(SolutionProperties) = preSolution
		HideSolutionNode = FALSE
	EndGlobalSection
	GlobalSection(ExtensibilityGlobals) = postSolution
		SolutionGuid = {01C61180-673A-4DAB-AC57-0DA9C7F94E7C}
	EndGlobalSection
EndGlobal
